# THIS IS AN AUTOGENERATED FILE. DO NOT EDIT THIS FILE DIRECTLY.
# yarn lockfile v1


asap@~2.0.3:
  version "2.0.6"
  resolved "http://npm.dianrong.com/asap/-/asap-2.0.6.tgz#e50347611d7e690943208bbdafebcbc2fb866d46"

base64-js@^1.0.2:
  version "1.2.1"
  resolved "http://npm.dianrong.com/base64-js/-/base64-js-1.2.1.tgz#a91947da1f4a516ea38e5b4ec0ec3773675e0886"

buffer@^5.0.3:
  version "5.0.6"
  resolved "http://npm.dianrong.com/buffer/-/buffer-5.0.6.tgz#2ea669f7eec0b6eda05b08f8b5ff661b28573588"
  dependencies:
    base64-js "^1.0.2"
    ieee754 "^1.1.4"

chain-function@^1.0.0:
  version "1.0.0"
  resolved "http://npm.dianrong.com/chain-function/-/chain-function-1.0.0.tgz#0d4ab37e7e18ead0bdc47b920764118ce58733dc"

commonmark-react-renderer@^4.2.4:
  version "4.3.3"
  resolved "http://npm.dianrong.com/commonmark-react-renderer/-/commonmark-react-renderer-4.3.3.tgz#9c4bca138bc83287bae792ccf133738be9cbc6fa"
  dependencies:
    in-publish "^2.0.0"
    lodash.assign "^4.2.0"
    lodash.isplainobject "^4.0.6"
    pascalcase "^0.1.1"
    xss-filters "^1.2.6"

commonmark@^0.24.0:
  version "0.24.0"
  resolved "http://npm.dianrong.com/commonmark/-/commonmark-0.24.0.tgz#b80de0182c546355643aa15db12bfb282368278f"
  dependencies:
    entities "~ 1.1.1"
    mdurl "~ 1.0.1"
    string.prototype.repeat "^0.2.0"

core-js@^1.0.0:
  version "1.2.7"
  resolved "http://npm.dianrong.com/core-js/-/core-js-1.2.7.tgz#652294c14651db28fa93bd2d5ff2983a4f08c636"

create-react-class@^15.6.0:
  version "15.6.0"
  resolved "http://npm.dianrong.com/create-react-class/-/create-react-class-15.6.0.tgz#ab448497c26566e1e29413e883207d57cfe7bed4"
  dependencies:
    fbjs "^0.8.9"
    loose-envify "^1.3.1"
    object-assign "^4.1.1"

css-color-keywords@^1.0.0:
  version "1.0.0"
  resolved "http://npm.dianrong.com/css-color-keywords/-/css-color-keywords-1.0.0.tgz#fea2616dc676b2962686b3af8dbdbe180b244e05"

css-to-react-native@^2.0.3:
  version "2.0.4"
  resolved "http://npm.dianrong.com/css-to-react-native/-/css-to-react-native-2.0.4.tgz#cf4cc407558b3474d4ba8be1a2cd3b6ce713101b"
  dependencies:
    css-color-keywords "^1.0.0"
    fbjs "^0.8.5"
    postcss-value-parser "^3.3.0"

deep-equal@^1.0.0:
  version "1.0.1"
  resolved "http://npm.dianrong.com/deep-equal/-/deep-equal-1.0.1.tgz#f5d260292b660e084eff4cdbc9f08ad3247448b5"

dom-helpers@^3.2.0:
  version "3.2.1"
  resolved "http://npm.dianrong.com/dom-helpers/-/dom-helpers-3.2.1.tgz#3203e07fed217bd1f424b019735582fc37b2825a"

encoding@^0.1.11:
  version "0.1.12"
  resolved "http://npm.dianrong.com/encoding/-/encoding-0.1.12.tgz#538b66f3ee62cd1ab51ec323829d1f9480c74beb"
  dependencies:
    iconv-lite "~0.4.13"

"entities@~ 1.1.1":
  version "1.1.1"
  resolved "http://npm.dianrong.com/entities/-/entities-1.1.1.tgz#6e5c2d0a5621b5dadaecef80b90edfb5cd7772f0"

faker@^4.1.0:
  version "4.1.0"
  resolved "http://npm.dianrong.com/faker/-/faker-4.1.0.tgz#1e45bbbecc6774b3c195fad2835109c6d748cc3f"

fbjs@^0.8.5, fbjs@^0.8.9:
  version "0.8.14"
  resolved "http://npm.dianrong.com/fbjs/-/fbjs-0.8.14.tgz#d1dbe2be254c35a91e09f31f9cd50a40b2a0ed1c"
  dependencies:
    core-js "^1.0.0"
    isomorphic-fetch "^2.1.1"
    loose-envify "^1.0.0"
    object-assign "^4.1.0"
    promise "^7.1.1"
    setimmediate "^1.0.5"
    ua-parser-js "^0.7.9"

has-flag@^1.0.0:
  version "1.0.0"
  resolved "http://npm.dianrong.com/has-flag/-/has-flag-1.0.0.tgz#9d9e793165ce017a00f00418c43f942a7b1d11fa"

history@^2.1.2:
  version "2.1.2"
  resolved "http://npm.dianrong.com/history/-/history-2.1.2.tgz#4aa2de897a0e4867e4539843be6ecdb2986bfdec"
  dependencies:
    deep-equal "^1.0.0"
    invariant "^2.0.0"
    query-string "^3.0.0"
    warning "^2.0.0"

hoist-non-react-statics@^1.2.0:
  version "1.2.0"
  resolved "http://npm.dianrong.com/hoist-non-react-statics/-/hoist-non-react-statics-1.2.0.tgz#aa448cf0986d55cc40773b17174b7dd066cb7cfb"

iconv-lite@~0.4.13:
  version "0.4.18"
  resolved "http://npm.dianrong.com/iconv-lite/-/iconv-lite-0.4.18.tgz#23d8656b16aae6742ac29732ea8f0336a4789cf2"

ieee754@^1.1.4:
  version "1.1.8"
  resolved "http://npm.dianrong.com/ieee754/-/ieee754-1.1.8.tgz#be33d40ac10ef1926701f6f08a2d86fbfd1ad3e4"

in-publish@^2.0.0:
  version "2.0.0"
  resolved "http://npm.dianrong.com/in-publish/-/in-publish-2.0.0.tgz#e20ff5e3a2afc2690320b6dc552682a9c7fadf51"

invariant@^2.0.0, invariant@^2.2.1:
  version "2.2.2"
  resolved "http://npm.dianrong.com/invariant/-/invariant-2.2.2.tgz#9e1f56ac0acdb6bf303306f338be3b204ae60360"
  dependencies:
    loose-envify "^1.0.0"

is-function@^1.0.1:
  version "1.0.1"
  resolved "http://npm.dianrong.com/is-function/-/is-function-1.0.1.tgz#12cfb98b65b57dd3d193a3121f5f6e2f437602b5"

is-plain-object@^2.0.1:
  version "2.0.4"
  resolved "http://npm.dianrong.com/is-plain-object/-/is-plain-object-2.0.4.tgz#2c163b3fafb1b606d9d17928f05c2a1c38e07677"
  dependencies:
    isobject "^3.0.1"

is-stream@^1.0.1:
  version "1.1.0"
  resolved "http://npm.dianrong.com/is-stream/-/is-stream-1.1.0.tgz#12d4a3dd4e68e0b79ceb8dbc84173ae80d91ca44"

isobject@^3.0.1:
  version "3.0.1"
  resolved "http://npm.dianrong.com/isobject/-/isobject-3.0.1.tgz#4e431e92b11a9731636aa1f9c8d1ccbcfdab78df"

isomorphic-fetch@^2.1.1:
  version "2.2.1"
  resolved "http://npm.dianrong.com/isomorphic-fetch/-/isomorphic-fetch-2.2.1.tgz#611ae1acf14f5e81f729507472819fe9733558a9"
  dependencies:
    node-fetch "^1.0.1"
    whatwg-fetch ">=0.10.0"

js-tokens@^3.0.0:
  version "3.0.2"
  resolved "http://npm.dianrong.com/js-tokens/-/js-tokens-3.0.2.tgz#9866df395102130e38f7f996bceb65443209c25b"

lodash.assign@^4.2.0:
  version "4.2.0"
  resolved "http://npm.dianrong.com/lodash.assign/-/lodash.assign-4.2.0.tgz#0d99f3ccd7a6d261d19bdaeb9245005d285808e7"

lodash.isplainobject@^4.0.6:
  version "4.0.6"
  resolved "http://npm.dianrong.com/lodash.isplainobject/-/lodash.isplainobject-4.0.6.tgz#7c526a52d89b45c45cc690b88163be0497f550cb"

loose-envify@^1.0.0, loose-envify@^1.1.0, loose-envify@^1.2.0, loose-envify@^1.3.1:
  version "1.3.1"
  resolved "http://npm.dianrong.com/loose-envify/-/loose-envify-1.3.1.tgz#d1a8ad33fa9ce0e713d65fdd0ac8b748d478c848"
  dependencies:
    js-tokens "^3.0.0"

"mdurl@~ 1.0.1":
  version "1.0.1"
  resolved "http://npm.dianrong.com/mdurl/-/mdurl-1.0.1.tgz#fe85b2ec75a59037f2adfec100fd6c601761152e"

node-fetch@^1.0.1:
  version "1.7.1"
  resolved "http://npm.dianrong.com/node-fetch/-/node-fetch-1.7.1.tgz#899cb3d0a3c92f952c47f1b876f4c8aeabd400d5"
  dependencies:
    encoding "^0.1.11"
    is-stream "^1.0.1"

normalize.css@^7.0.0:
  version "7.0.0"
  resolved "http://npm.dianrong.com/normalize.css/-/normalize.css-7.0.0.tgz#abfb1dd82470674e0322b53ceb1aaf412938e4bf"

object-assign@^4.1.0, object-assign@^4.1.1:
  version "4.1.1"
  resolved "http://npm.dianrong.com/object-assign/-/object-assign-4.1.1.tgz#2109adc7965887cfc05cbbd442cac8bfbb360863"

pascalcase@^0.1.1:
  version "0.1.1"
  resolved "http://npm.dianrong.com/pascalcase/-/pascalcase-0.1.1.tgz#b363e55e8006ca6fe21784d2db22bd15d7917f14"

postcss-value-parser@^3.3.0:
  version "3.3.0"
  resolved "http://npm.dianrong.com/postcss-value-parser/-/postcss-value-parser-3.3.0.tgz#87f38f9f18f774a4ab4c8a232f5c5ce8872a9d15"

promise@^7.1.1:
  version "7.3.1"
  resolved "http://npm.dianrong.com/promise/-/promise-7.3.1.tgz#064b72602b18f90f29192b8b1bc418ffd1ebd3bf"
  dependencies:
    asap "~2.0.3"

prop-types@^15.5.1, prop-types@^15.5.10, prop-types@^15.5.4, prop-types@^15.5.6:
  version "15.5.10"
  resolved "http://npm.dianrong.com/prop-types/-/prop-types-15.5.10.tgz#2797dfc3126182e3a95e3dfbb2e893ddd7456154"
  dependencies:
    fbjs "^0.8.9"
    loose-envify "^1.3.1"

query-string@^3.0.0:
  version "3.0.3"
  resolved "http://npm.dianrong.com/query-string/-/query-string-3.0.3.tgz#ae2e14b4d05071d4e9b9eb4873c35b0dcd42e638"
  dependencies:
    strict-uri-encode "^1.0.0"

react-addons-css-transition-group@^15.6.0:
  version "15.6.0"
  resolved "http://npm.dianrong.com/react-addons-css-transition-group/-/react-addons-css-transition-group-15.6.0.tgz#69887cf6e4874d25cd66e22a699e29f0d648aba0"
  dependencies:
    react-transition-group "^1.2.0"

react-dom@^15.6.1:
  version "15.6.1"
  resolved "http://npm.dianrong.com/react-dom/-/react-dom-15.6.1.tgz#2cb0ed4191038e53c209eb3a79a23e2a4cf99470"
  dependencies:
    fbjs "^0.8.9"
    loose-envify "^1.1.0"
    object-assign "^4.1.0"
    prop-types "^15.5.10"

react-markdown@^2.5.0:
  version "2.5.0"
  resolved "http://npm.dianrong.com/react-markdown/-/react-markdown-2.5.0.tgz#b1c61904fee5895886803bd9df7db23c3dc3a89e"
  dependencies:
    commonmark "^0.24.0"
    commonmark-react-renderer "^4.2.4"
    in-publish "^2.0.0"
    prop-types "^15.5.1"

react-router@2:
  version "2.8.1"
  resolved "http://npm.dianrong.com/react-router/-/react-router-2.8.1.tgz#73e9491f6ceb316d0f779829081863e378ee4ed7"
  dependencies:
    history "^2.1.2"
    hoist-non-react-statics "^1.2.0"
    invariant "^2.2.1"
    loose-envify "^1.2.0"
    warning "^3.0.0"

react-transition-group@^1.2.0:
  version "1.2.0"
  resolved "http://npm.dianrong.com/react-transition-group/-/react-transition-group-1.2.0.tgz#b51fc921b0c3835a7ef7c571c79fc82c73e9204f"
  dependencies:
    chain-function "^1.0.0"
    dom-helpers "^3.2.0"
    loose-envify "^1.3.1"
    prop-types "^15.5.6"
    warning "^3.0.0"

react@^15.6.1:
  version "15.6.1"
  resolved "http://npm.dianrong.com/react/-/react-15.6.1.tgz#baa8434ec6780bde997cdc380b79cd33b96393df"
  dependencies:
    create-react-class "^15.6.0"
    fbjs "^0.8.9"
    loose-envify "^1.1.0"
    object-assign "^4.1.0"
    prop-types "^15.5.10"

setimmediate@^1.0.5:
  version "1.0.5"
  resolved "http://npm.dianrong.com/setimmediate/-/setimmediate-1.0.5.tgz#290cbb232e306942d7d7ea9b83732ab7856f8285"

strict-uri-encode@^1.0.0:
  version "1.1.0"
  resolved "http://npm.dianrong.com/strict-uri-encode/-/strict-uri-encode-1.1.0.tgz#279b225df1d582b1f54e65addd4352e18faa0713"

string.prototype.repeat@^0.2.0:
  version "0.2.0"
  resolved "http://npm.dianrong.com/string.prototype.repeat/-/string.prototype.repeat-0.2.0.tgz#aba36de08dcee6a5a337d49b2ea1da1b28fc0ecf"

styled-components@^2.1.1:
  version "2.1.1"
  resolved "http://npm.dianrong.com/styled-components/-/styled-components-2.1.1.tgz#7e9b5bc319ee3963b47aebb74f4658119ea9d484"
  dependencies:
    buffer "^5.0.3"
    css-to-react-native "^2.0.3"
    fbjs "^0.8.9"
    hoist-non-react-statics "^1.2.0"
    is-function "^1.0.1"
    is-plain-object "^2.0.1"
    prop-types "^15.5.4"
    stylis "^3.2.1"
    supports-color "^3.2.3"

stylis@^3.2.1:
  version "3.2.8"
  resolved "http://npm.dianrong.com/stylis/-/stylis-3.2.8.tgz#9b23a3e06597f7944a3d9ae880d5796248b8784f"

supports-color@^3.2.3:
  version "3.2.3"
  resolved "http://npm.dianrong.com/supports-color/-/supports-color-3.2.3.tgz#65ac0504b3954171d8a64946b2ae3cbb8a5f54f6"
  dependencies:
    has-flag "^1.0.0"

ua-parser-js@^0.7.9:
  version "0.7.14"
  resolved "http://npm.dianrong.com/ua-parser-js/-/ua-parser-js-0.7.14.tgz#110d53fa4c3f326c121292bbeac904d2e03387ca"

warning@^2.0.0:
  version "2.1.0"
  resolved "http://npm.dianrong.com/warning/-/warning-2.1.0.tgz#21220d9c63afc77a8c92111e011af705ce0c6901"
  dependencies:
    loose-envify "^1.0.0"

warning@^3.0.0:
  version "3.0.0"
  resolved "http://npm.dianrong.com/warning/-/warning-3.0.0.tgz#32e5377cb572de4ab04753bdf8821c01ed605b7c"
  dependencies:
    loose-envify "^1.0.0"

whatwg-fetch@>=0.10.0:
  version "2.0.3"
  resolved "http://npm.dianrong.com/whatwg-fetch/-/whatwg-fetch-2.0.3.tgz#9c84ec2dcf68187ff00bc64e1274b442176e1c84"

xss-filters@^1.2.6:
  version "1.2.7"
  resolved "http://npm.dianrong.com/xss-filters/-/xss-filters-1.2.7.tgz#59fa1de201f36f2f3470dcac5f58ccc2830b0a9a"
